
Microsoft Visual Studio Solution File, Format Version 12.00
# Visual Studio 15
VisualStudioVersion = 15.0.27703.1
MinimumVisualStudioVersion = 10.0.40219.1
Project("{2150E333-8FDC-42A3-9474-1A3956D46DE8}") = "Services", "Services", "{A170330E-6E64-4051-81C0-6B2CBF5CE494}"
EndProject
Project("{2150E333-8FDC-42A3-9474-1A3956D46DE8}") = "Web", "Web", "{6420BE68-1560-47D0-AEF9-42806820F721}"
EndProject
Project("{9A19103F-16F7-4668-BE54-9A1E7A4F7556}") = "WebSiteTest", "WebSiteTest\WebSiteTest.csproj", "{906DAC35-499F-45CF-8E80-0A872865B1B2}"
EndProject
Project("{E53339B2-1760-4266-BCC7-CA923CBCF16C}") = "docker-compose", "docker-compose.dcproj", "{875720E9-9F03-4969-9AF3-10D2CB031BB1}"
EndProject
Project("{9A19103F-16F7-4668-BE54-9A1E7A4F7556}") = "TestWebService", "TestWebService\TestWebService.csproj", "{DCB03AE3-ECAA-4CFC-B951-5C99BA7055AB}"
EndProject
Global
	GlobalSection(SolutionConfigurationPlatforms) = preSolution
		Debug|Any CPU = Debug|Any CPU
		Release|Any CPU = Release|Any CPU
	EndGlobalSection
	GlobalSection(ProjectConfigurationPlatforms) = postSolution
		{906DAC35-499F-45CF-8E80-0A872865B1B2}.Debug|Any CPU.ActiveCfg = Debug|Any CPU
		{906DAC35-499F-45CF-8E80-0A872865B1B2}.Debug|Any CPU.Build.0 = Debug|Any CPU
		{906DAC35-499F-45CF-8E80-0A872865B1B2}.Release|Any CPU.ActiveCfg = Release|Any CPU
		{906DAC35-499F-45CF-8E80-0A872865B1B2}.Release|Any CPU.Build.0 = Release|Any CPU
		{875720E9-9F03-4969-9AF3-10D2CB031BB1}.Debug|Any CPU.ActiveCfg = Debug|Any CPU
		{875720E9-9F03-4969-9AF3-10D2CB031BB1}.Debug|Any CPU.Build.0 = Debug|Any CPU
		{875720E9-9F03-4969-9AF3-10D2CB031BB1}.Release|Any CPU.ActiveCfg = Release|Any CPU
		{875720E9-9F03-4969-9AF3-10D2CB031BB1}.Release|Any CPU.Build.0 = Release|Any CPU
		{DCB03AE3-ECAA-4CFC-B951-5C99BA7055AB}.Debug|Any CPU.ActiveCfg = Debug|Any CPU
		{DCB03AE3-ECAA-4CFC-B951-5C99BA7055AB}.Debug|Any CPU.Build.0 = Debug|Any CPU
		{DCB03AE3-ECAA-4CFC-B951-5C99BA7055AB}.Release|Any CPU.ActiveCfg = Release|Any CPU
		{DCB03AE3-ECAA-4CFC-B951-5C99BA7055AB}.Release|Any CPU.Build.0 = Release|Any CPU
	EndGlobalSection
	GlobalSection(SolutionProperties) = preSolution
		HideSolutionNode = FALSE
	EndGlobalSection
	GlobalSection(NestedProjects) = preSolution
		{906DAC35-499F-45CF-8E80-0A872865B1B2} = {6420BE68-1560-47D0-AEF9-42806820F721}
		{DCB03AE3-ECAA-4CFC-B951-5C99BA7055AB} = {A170330E-6E64-4051-81C0-6B2CBF5CE494}
	EndGlobalSection
	GlobalSection(ExtensibilityGlobals) = postSolution
		SolutionGuid = {5E4FA4D4-7F7D-44FD-A53A-7EA7F845ECED}
	EndGlobalSection
EndGlobal
